
Microsoft Visual Studio Solution File, Format Version 12.00
Project("{FAE04EC0-301F-11D3-BF4B-00C04F79EFBC}") = "MotoStore", "MotoStore\MotoStore.csproj", "{64FDA0D0-8C53-47CB-AFED-5F1CE54FDB21}"
EndProject
Project("{FAE04EC0-301F-11D3-BF4B-00C04F79EFBC}") = "CommonData", "CommonData\CommonData.csproj", "{212B9890-F8F7-457E-BC8D-AF78792211DD}"
EndProject
Global
	GlobalSection(SolutionConfigurationPlatforms) = preSolution
		Debug|Any CPU = Debug|Any CPU
		Release|Any CPU = Release|Any CPU
	EndGlobalSection
	GlobalSection(ProjectConfigurationPlatforms) = postSolution
		{64FDA0D0-8C53-47CB-AFED-5F1CE54FDB21}.Debug|Any CPU.ActiveCfg = Debug|Any CPU
		{64FDA0D0-8C53-47CB-AFED-5F1CE54FDB21}.Debug|Any CPU.Build.0 = Debug|Any CPU
		{64FDA0D0-8C53-47CB-AFED-5F1CE54FDB21}.Release|Any CPU.ActiveCfg = Release|Any CPU
		{64FDA0D0-8C53-47CB-AFED-5F1CE54FDB21}.Release|Any CPU.Build.0 = Release|Any CPU
		{212B9890-F8F7-457E-BC8D-AF78792211DD}.Debug|Any CPU.ActiveCfg = Debug|Any CPU
		{212B9890-F8F7-457E-BC8D-AF78792211DD}.Debug|Any CPU.Build.0 = Debug|Any CPU
		{212B9890-F8F7-457E-BC8D-AF78792211DD}.Release|Any CPU.ActiveCfg = Release|Any CPU
		{212B9890-F8F7-457E-BC8D-AF78792211DD}.Release|Any CPU.Build.0 = Release|Any CPU
	EndGlobalSection
EndGlobal
